
Microsoft Visual Studio Solution File, Format Version 12.00
# Visual Studio Version 17
VisualStudioVersion = 17.6.33723.286
MinimumVisualStudioVersion = 10.0.40219.1
Project("{9092AA53-FB77-4645-B42D-1CCCA6BD08BD}") = "Express", "Express\Express.njsproj", "{526AE40E-9298-4C16-A917-C59D16E705F4}"
EndProject
Global
	GlobalSection(SolutionConfigurationPlatforms) = preSolution
		Debug|Any CPU = Debug|Any CPU
		Release|Any CPU = Release|Any CPU
	EndGlobalSection
	GlobalSection(ProjectConfigurationPlatforms) = postSolution
		{526AE40E-9298-4C16-A917-C59D16E705F4}.Debug|Any CPU.ActiveCfg = Debug|Any CPU
		{526AE40E-9298-4C16-A917-C59D16E705F4}.Debug|Any CPU.Build.0 = Debug|Any CPU
		{526AE40E-9298-4C16-A917-C59D16E705F4}.Release|Any CPU.ActiveCfg = Release|Any CPU
		{526AE40E-9298-4C16-A917-C59D16E705F4}.Release|Any CPU.Build.0 = Release|Any CPU
	EndGlobalSection
	GlobalSection(SolutionProperties) = preSolution
		HideSolutionNode = FALSE
	EndGlobalSection
	GlobalSection(ExtensibilityGlobals) = postSolution
		SolutionGuid = {440E88BF-9084-4869-B398-1F2B2B9E2BAB}
	EndGlobalSection
EndGlobal
